
Microsoft Visual Studio Solution File, Format Version 12.00
# Visual Studio Version 17
VisualStudioVersion = 17.12.35527.113
MinimumVisualStudioVersion = 10.0.40219.1
Project("{FAE04EC0-301F-11D3-BF4B-00C04F79EFBC}") = "ExamSystem.Domain", "ExamManagmentSystem\ExamSystem.Domain.csproj", "{50904A1B-AE13-412E-A6FF-51D5906E56E2}"
EndProject
Project("{FAE04EC0-301F-11D3-BF4B-00C04F79EFBC}") = "ExamSystem.Application", "ExamSystem.Application\ExamSystem.Application.csproj", "{DEBBB817-B2E8-4C8C-B65A-EDA7FC5643B9}"
EndProject
Project("{FAE04EC0-301F-11D3-BF4B-00C04F79EFBC}") = "ExamSystem.Infrastructure", "ExamSystem.Infrastructure\ExamSystem.Infrastructure.csproj", "{29D1235A-ABF8-4162-9D69-BAC5C6EED04D}"
EndProject
Project("{FAE04EC0-301F-11D3-BF4B-00C04F79EFBC}") = "Exam.Design", "..\ExamGroup3\Exam.Design\Exam.Design.csproj", "{EF74292D-287D-45A6-952E-2C4C5D588324}"
	ProjectSection(ProjectDependencies) = postProject
		{29D1235A-ABF8-4162-9D69-BAC5C6EED04D} = {29D1235A-ABF8-4162-9D69-BAC5C6EED04D}
		{DEBBB817-B2E8-4C8C-B65A-EDA7FC5643B9} = {DEBBB817-B2E8-4C8C-B65A-EDA7FC5643B9}
	EndProjectSection
EndProject
Global
	GlobalSection(SolutionConfigurationPlatforms) = preSolution
		Debug|Any CPU = Debug|Any CPU
		Release|Any CPU = Release|Any CPU
	EndGlobalSection
	GlobalSection(ProjectConfigurationPlatforms) = postSolution
		{50904A1B-AE13-412E-A6FF-51D5906E56E2}.Debug|Any CPU.ActiveCfg = Debug|Any CPU
		{50904A1B-AE13-412E-A6FF-51D5906E56E2}.Debug|Any CPU.Build.0 = Debug|Any CPU
		{50904A1B-AE13-412E-A6FF-51D5906E56E2}.Release|Any CPU.ActiveCfg = Release|Any CPU
		{50904A1B-AE13-412E-A6FF-51D5906E56E2}.Release|Any CPU.Build.0 = Release|Any CPU
		{DEBBB817-B2E8-4C8C-B65A-EDA7FC5643B9}.Debug|Any CPU.ActiveCfg = Debug|Any CPU
		{DEBBB817-B2E8-4C8C-B65A-EDA7FC5643B9}.Debug|Any CPU.Build.0 = Debug|Any CPU
		{DEBBB817-B2E8-4C8C-B65A-EDA7FC5643B9}.Release|Any CPU.ActiveCfg = Release|Any CPU
		{DEBBB817-B2E8-4C8C-B65A-EDA7FC5643B9}.Release|Any CPU.Build.0 = Release|Any CPU
		{29D1235A-ABF8-4162-9D69-BAC5C6EED04D}.Debug|Any CPU.ActiveCfg = Debug|Any CPU
		{29D1235A-ABF8-4162-9D69-BAC5C6EED04D}.Debug|Any CPU.Build.0 = Debug|Any CPU
		{29D1235A-ABF8-4162-9D69-BAC5C6EED04D}.Release|Any CPU.ActiveCfg = Release|Any CPU
		{29D1235A-ABF8-4162-9D69-BAC5C6EED04D}.Release|Any CPU.Build.0 = Release|Any CPU
		{EF74292D-287D-45A6-952E-2C4C5D588324}.Debug|Any CPU.ActiveCfg = Debug|Any CPU
		{EF74292D-287D-45A6-952E-2C4C5D588324}.Debug|Any CPU.Build.0 = Debug|Any CPU
		{EF74292D-287D-45A6-952E-2C4C5D588324}.Release|Any CPU.ActiveCfg = Release|Any CPU
		{EF74292D-287D-45A6-952E-2C4C5D588324}.Release|Any CPU.Build.0 = Release|Any CPU
	EndGlobalSection
	GlobalSection(SolutionProperties) = preSolution
		HideSolutionNode = FALSE
	EndGlobalSection
	GlobalSection(ExtensibilityGlobals) = postSolution
		SolutionGuid = {B1977D8A-C108-4192-A9ED-8D0080EFA023}
	EndGlobalSection
EndGlobal
